
Microsoft Visual Studio Solution File, Format Version 12.00
# Visual Studio Version 16
VisualStudioVersion = 16.0.29020.237
MinimumVisualStudioVersion = 10.0.40219.1
Project("{FAE04EC0-301F-11D3-BF4B-00C04F79EFBC}") = "LessonEight_At_Home", "LessonEight_At_Home\LessonEight_At_Home.csproj", "{553D7A1C-4165-4920-B059-C366B416A006}"
EndProject
Global
	GlobalSection(SolutionConfigurationPlatforms) = preSolution
		Debug|Any CPU = Debug|Any CPU
		Release|Any CPU = Release|Any CPU
	EndGlobalSection
	GlobalSection(ProjectConfigurationPlatforms) = postSolution
		{553D7A1C-4165-4920-B059-C366B416A006}.Debug|Any CPU.ActiveCfg = Debug|Any CPU
		{553D7A1C-4165-4920-B059-C366B416A006}.Debug|Any CPU.Build.0 = Debug|Any CPU
		{553D7A1C-4165-4920-B059-C366B416A006}.Release|Any CPU.ActiveCfg = Release|Any CPU
		{553D7A1C-4165-4920-B059-C366B416A006}.Release|Any CPU.Build.0 = Release|Any CPU
	EndGlobalSection
	GlobalSection(SolutionProperties) = preSolution
		HideSolutionNode = FALSE
	EndGlobalSection
	GlobalSection(ExtensibilityGlobals) = postSolution
		SolutionGuid = {73A4E704-D166-40BC-A468-D1EC6C22CE9C}
	EndGlobalSection
EndGlobal
