
Microsoft Visual Studio Solution File, Format Version 12.00
# Visual Studio 15
VisualStudioVersion = 15.0.28307.572
MinimumVisualStudioVersion = 10.0.40219.1
Project("{FAE04EC0-301F-11D3-BF4B-00C04F79EFBC}") = "LessonTwo", "LessonTwo\LessonTwo.csproj", "{8A7696F5-681E-4C54-99BC-BA49FE770322}"
EndProject
Global
	GlobalSection(SolutionConfigurationPlatforms) = preSolution
		Debug|Any CPU = Debug|Any CPU
		Release|Any CPU = Release|Any CPU
	EndGlobalSection
	GlobalSection(ProjectConfigurationPlatforms) = postSolution
		{8A7696F5-681E-4C54-99BC-BA49FE770322}.Debug|Any CPU.ActiveCfg = Debug|Any CPU
		{8A7696F5-681E-4C54-99BC-BA49FE770322}.Debug|Any CPU.Build.0 = Debug|Any CPU
		{8A7696F5-681E-4C54-99BC-BA49FE770322}.Release|Any CPU.ActiveCfg = Release|Any CPU
		{8A7696F5-681E-4C54-99BC-BA49FE770322}.Release|Any CPU.Build.0 = Release|Any CPU
	EndGlobalSection
	GlobalSection(SolutionProperties) = preSolution
		HideSolutionNode = FALSE
	EndGlobalSection
	GlobalSection(ExtensibilityGlobals) = postSolution
		SolutionGuid = {2D9B5BF9-4BA8-4554-A448-DC4B0A2FB8B5}
	EndGlobalSection
EndGlobal
