
Microsoft Visual Studio Solution File, Format Version 12.00
# Visual Studio Version 16
VisualStudioVersion = 16.0.29020.237
MinimumVisualStudioVersion = 10.0.40219.1
Project("{FAE04EC0-301F-11D3-BF4B-00C04F79EFBC}") = "HomeWork_NumberToText", "HomeWork_NumberToText\HomeWork_NumberToText.csproj", "{CA256C0D-9BB6-4DD3-976D-01C907958A19}"
EndProject
Global
	GlobalSection(SolutionConfigurationPlatforms) = preSolution
		Debug|Any CPU = Debug|Any CPU
		Release|Any CPU = Release|Any CPU
	EndGlobalSection
	GlobalSection(ProjectConfigurationPlatforms) = postSolution
		{CA256C0D-9BB6-4DD3-976D-01C907958A19}.Debug|Any CPU.ActiveCfg = Debug|Any CPU
		{CA256C0D-9BB6-4DD3-976D-01C907958A19}.Debug|Any CPU.Build.0 = Debug|Any CPU
		{CA256C0D-9BB6-4DD3-976D-01C907958A19}.Release|Any CPU.ActiveCfg = Release|Any CPU
		{CA256C0D-9BB6-4DD3-976D-01C907958A19}.Release|Any CPU.Build.0 = Release|Any CPU
	EndGlobalSection
	GlobalSection(SolutionProperties) = preSolution
		HideSolutionNode = FALSE
	EndGlobalSection
	GlobalSection(ExtensibilityGlobals) = postSolution
		SolutionGuid = {FB08109C-5813-48A4-AB57-B225533CD8A2}
	EndGlobalSection
EndGlobal
