
Microsoft Visual Studio Solution File, Format Version 12.00
# Visual Studio Version 16
VisualStudioVersion = 16.0.29020.237
MinimumVisualStudioVersion = 10.0.40219.1
Project("{FAE04EC0-301F-11D3-BF4B-00C04F79EFBC}") = "LessonSeven", "LessonSeven\LessonSeven.csproj", "{0C9D7184-99C5-4AD7-AC9E-E71F3FF1995A}"
EndProject
Global
	GlobalSection(SolutionConfigurationPlatforms) = preSolution
		Debug|Any CPU = Debug|Any CPU
		Release|Any CPU = Release|Any CPU
	EndGlobalSection
	GlobalSection(ProjectConfigurationPlatforms) = postSolution
		{0C9D7184-99C5-4AD7-AC9E-E71F3FF1995A}.Debug|Any CPU.ActiveCfg = Debug|Any CPU
		{0C9D7184-99C5-4AD7-AC9E-E71F3FF1995A}.Debug|Any CPU.Build.0 = Debug|Any CPU
		{0C9D7184-99C5-4AD7-AC9E-E71F3FF1995A}.Release|Any CPU.ActiveCfg = Release|Any CPU
		{0C9D7184-99C5-4AD7-AC9E-E71F3FF1995A}.Release|Any CPU.Build.0 = Release|Any CPU
	EndGlobalSection
	GlobalSection(SolutionProperties) = preSolution
		HideSolutionNode = FALSE
	EndGlobalSection
	GlobalSection(ExtensibilityGlobals) = postSolution
		SolutionGuid = {E867AFDF-F4B8-48A6-A8D9-D6E7638656AE}
	EndGlobalSection
EndGlobal
